
Microsoft Visual Studio Solution File, Format Version 12.00
# Visual Studio 15
VisualStudioVersion = 15.0.27130.2026
MinimumVisualStudioVersion = 10.0.40219.1
Project("{9A19103F-16F7-4668-BE54-9A1E7A4F7556}") = "EventSourcedTooling", "EventSourcedTooling\EventSourcedTooling.csproj", "{D339DADF-8712-44C0-98C2-5EB82FCE4632}"
EndProject
Project("{9A19103F-16F7-4668-BE54-9A1E7A4F7556}") = "EventSourcedTooling.Tests", "EventSourcedTooling.Tests\EventSourcedTooling.Tests.csproj", "{69BE5E08-8842-4EE5-A76C-A94C5533EC36}"
EndProject
Project("{FAE04EC0-301F-11D3-BF4B-00C04F79EFBC}") = "EventSourcedTooling.Generator", "EventSourcedTooling.Generator\EventSourcedTooling.Generator.csproj", "{138E6B64-6977-47F6-8219-53932986FEE4}"
EndProject
Global
	GlobalSection(SolutionConfigurationPlatforms) = preSolution
		Debug|Any CPU = Debug|Any CPU
		Release|Any CPU = Release|Any CPU
	EndGlobalSection
	GlobalSection(ProjectConfigurationPlatforms) = postSolution
		{D339DADF-8712-44C0-98C2-5EB82FCE4632}.Debug|Any CPU.ActiveCfg = Debug|Any CPU
		{D339DADF-8712-44C0-98C2-5EB82FCE4632}.Debug|Any CPU.Build.0 = Debug|Any CPU
		{D339DADF-8712-44C0-98C2-5EB82FCE4632}.Release|Any CPU.ActiveCfg = Release|Any CPU
		{D339DADF-8712-44C0-98C2-5EB82FCE4632}.Release|Any CPU.Build.0 = Release|Any CPU
		{69BE5E08-8842-4EE5-A76C-A94C5533EC36}.Debug|Any CPU.ActiveCfg = Debug|Any CPU
		{69BE5E08-8842-4EE5-A76C-A94C5533EC36}.Debug|Any CPU.Build.0 = Debug|Any CPU
		{69BE5E08-8842-4EE5-A76C-A94C5533EC36}.Release|Any CPU.ActiveCfg = Release|Any CPU
		{69BE5E08-8842-4EE5-A76C-A94C5533EC36}.Release|Any CPU.Build.0 = Release|Any CPU
		{138E6B64-6977-47F6-8219-53932986FEE4}.Debug|Any CPU.ActiveCfg = Debug|Any CPU
		{138E6B64-6977-47F6-8219-53932986FEE4}.Debug|Any CPU.Build.0 = Debug|Any CPU
		{138E6B64-6977-47F6-8219-53932986FEE4}.Release|Any CPU.ActiveCfg = Release|Any CPU
		{138E6B64-6977-47F6-8219-53932986FEE4}.Release|Any CPU.Build.0 = Release|Any CPU
	EndGlobalSection
	GlobalSection(SolutionProperties) = preSolution
		HideSolutionNode = FALSE
	EndGlobalSection
	GlobalSection(ExtensibilityGlobals) = postSolution
		SolutionGuid = {CBC88D3F-B009-44B5-A778-D8AF5DE5FE77}
	EndGlobalSection
EndGlobal
